
Microsoft Visual Studio Solution File, Format Version 12.00
# Visual Studio Version 16
VisualStudioVersion = 16.0.30907.101
MinimumVisualStudioVersion = 10.0.40219.1
Project("{FAE04EC0-301F-11D3-BF4B-00C04F79EFBC}") = "ConsoleApp6", "ConsoleApp6\ConsoleApp6.csproj", "{7E7417AB-F08E-494C-9A22-528CEC5F4579}"
EndProject
Global
	GlobalSection(SolutionConfigurationPlatforms) = preSolution
		Debug|Any CPU = Debug|Any CPU
		Release|Any CPU = Release|Any CPU
	EndGlobalSection
	GlobalSection(ProjectConfigurationPlatforms) = postSolution
		{7E7417AB-F08E-494C-9A22-528CEC5F4579}.Debug|Any CPU.ActiveCfg = Debug|Any CPU
		{7E7417AB-F08E-494C-9A22-528CEC5F4579}.Debug|Any CPU.Build.0 = Debug|Any CPU
		{7E7417AB-F08E-494C-9A22-528CEC5F4579}.Release|Any CPU.ActiveCfg = Release|Any CPU
		{7E7417AB-F08E-494C-9A22-528CEC5F4579}.Release|Any CPU.Build.0 = Release|Any CPU
	EndGlobalSection
	GlobalSection(SolutionProperties) = preSolution
		HideSolutionNode = FALSE
	EndGlobalSection
	GlobalSection(ExtensibilityGlobals) = postSolution
		SolutionGuid = {C938063B-1C76-4748-A649-4F7319F020E2}
	EndGlobalSection
EndGlobal
